
Microsoft Visual Studio Solution File, Format Version 12.00
# Visual Studio Version 17
VisualStudioVersion = 17.2.32616.157
MinimumVisualStudioVersion = 10.0.40219.1
Project("{FAE04EC0-301F-11D3-BF4B-00C04F79EFBC}") = "Atividade_01", "Atividade_01\Atividade_01.csproj", "{84434604-D4D1-4AB9-AA05-C4BD8CA55283}"
EndProject
Global
	GlobalSection(SolutionConfigurationPlatforms) = preSolution
		Debug|Any CPU = Debug|Any CPU
		Release|Any CPU = Release|Any CPU
	EndGlobalSection
	GlobalSection(ProjectConfigurationPlatforms) = postSolution
		{84434604-D4D1-4AB9-AA05-C4BD8CA55283}.Debug|Any CPU.ActiveCfg = Debug|Any CPU
		{84434604-D4D1-4AB9-AA05-C4BD8CA55283}.Debug|Any CPU.Build.0 = Debug|Any CPU
		{84434604-D4D1-4AB9-AA05-C4BD8CA55283}.Release|Any CPU.ActiveCfg = Release|Any CPU
		{84434604-D4D1-4AB9-AA05-C4BD8CA55283}.Release|Any CPU.Build.0 = Release|Any CPU
	EndGlobalSection
	GlobalSection(SolutionProperties) = preSolution
		HideSolutionNode = FALSE
	EndGlobalSection
	GlobalSection(ExtensibilityGlobals) = postSolution
		SolutionGuid = {A83CF9D5-FD0F-4689-ADA9-3AFE425A0488}
	EndGlobalSection
EndGlobal
