
Microsoft Visual Studio Solution File, Format Version 12.00
# Visual Studio Version 17
VisualStudioVersion = 17.2.32616.157
MinimumVisualStudioVersion = 10.0.40219.1
Project("{FAE04EC0-301F-11D3-BF4B-00C04F79EFBC}") = "Exercicio01", "Aula1403\Exercicio01.csproj", "{F98DDEE0-6BA4-47BC-881C-23A5DC1DC252}"
EndProject
Project("{FAE04EC0-301F-11D3-BF4B-00C04F79EFBC}") = "Exercicio02", "Exercicio02\Exercicio02.csproj", "{193DBD35-6129-4806-86E6-E765ADB10F46}"
EndProject
Project("{FAE04EC0-301F-11D3-BF4B-00C04F79EFBC}") = "Exercicio03", "Exercicio03\Exercicio03.csproj", "{FD0A4B7D-838B-434F-9BFF-EAF862E47E7C}"
EndProject
Project("{FAE04EC0-301F-11D3-BF4B-00C04F79EFBC}") = "Exercicio04", "Eercicio04\Exercicio04.csproj", "{1A63C8FC-F058-4431-9D54-4499E748EADD}"
EndProject
Project("{FAE04EC0-301F-11D3-BF4B-00C04F79EFBC}") = "Exercicio05", "Exercicio05\Exercicio05.csproj", "{F7111081-06D4-4165-B1CE-391D825E6EF3}"
EndProject
Global
	GlobalSection(SolutionConfigurationPlatforms) = preSolution
		Debug|Any CPU = Debug|Any CPU
		Release|Any CPU = Release|Any CPU
	EndGlobalSection
	GlobalSection(ProjectConfigurationPlatforms) = postSolution
		{F98DDEE0-6BA4-47BC-881C-23A5DC1DC252}.Debug|Any CPU.ActiveCfg = Debug|Any CPU
		{F98DDEE0-6BA4-47BC-881C-23A5DC1DC252}.Debug|Any CPU.Build.0 = Debug|Any CPU
		{F98DDEE0-6BA4-47BC-881C-23A5DC1DC252}.Release|Any CPU.ActiveCfg = Release|Any CPU
		{F98DDEE0-6BA4-47BC-881C-23A5DC1DC252}.Release|Any CPU.Build.0 = Release|Any CPU
		{193DBD35-6129-4806-86E6-E765ADB10F46}.Debug|Any CPU.ActiveCfg = Debug|Any CPU
		{193DBD35-6129-4806-86E6-E765ADB10F46}.Debug|Any CPU.Build.0 = Debug|Any CPU
		{193DBD35-6129-4806-86E6-E765ADB10F46}.Release|Any CPU.ActiveCfg = Release|Any CPU
		{193DBD35-6129-4806-86E6-E765ADB10F46}.Release|Any CPU.Build.0 = Release|Any CPU
		{FD0A4B7D-838B-434F-9BFF-EAF862E47E7C}.Debug|Any CPU.ActiveCfg = Debug|Any CPU
		{FD0A4B7D-838B-434F-9BFF-EAF862E47E7C}.Debug|Any CPU.Build.0 = Debug|Any CPU
		{FD0A4B7D-838B-434F-9BFF-EAF862E47E7C}.Release|Any CPU.ActiveCfg = Release|Any CPU
		{FD0A4B7D-838B-434F-9BFF-EAF862E47E7C}.Release|Any CPU.Build.0 = Release|Any CPU
		{1A63C8FC-F058-4431-9D54-4499E748EADD}.Debug|Any CPU.ActiveCfg = Debug|Any CPU
		{1A63C8FC-F058-4431-9D54-4499E748EADD}.Debug|Any CPU.Build.0 = Debug|Any CPU
		{1A63C8FC-F058-4431-9D54-4499E748EADD}.Release|Any CPU.ActiveCfg = Release|Any CPU
		{1A63C8FC-F058-4431-9D54-4499E748EADD}.Release|Any CPU.Build.0 = Release|Any CPU
		{F7111081-06D4-4165-B1CE-391D825E6EF3}.Debug|Any CPU.ActiveCfg = Debug|Any CPU
		{F7111081-06D4-4165-B1CE-391D825E6EF3}.Debug|Any CPU.Build.0 = Debug|Any CPU
		{F7111081-06D4-4165-B1CE-391D825E6EF3}.Release|Any CPU.ActiveCfg = Release|Any CPU
		{F7111081-06D4-4165-B1CE-391D825E6EF3}.Release|Any CPU.Build.0 = Release|Any CPU
	EndGlobalSection
	GlobalSection(SolutionProperties) = preSolution
		HideSolutionNode = FALSE
	EndGlobalSection
	GlobalSection(ExtensibilityGlobals) = postSolution
		SolutionGuid = {5E503F7B-6095-4D6F-A788-C95E2C5D4013}
	EndGlobalSection
EndGlobal
