
Microsoft Visual Studio Solution File, Format Version 12.00
# Visual Studio Version 17
VisualStudioVersion = 17.2.32616.157
MinimumVisualStudioVersion = 10.0.40219.1
Project("{FAE04EC0-301F-11D3-BF4B-00C04F79EFBC}") = "HelloWord1402", "HelloWord1402\HelloWord1402.csproj", "{EE89D6A0-E0AF-4782-A586-8A14FEA2326B}"
EndProject
Global
	GlobalSection(SolutionConfigurationPlatforms) = preSolution
		Debug|Any CPU = Debug|Any CPU
		Release|Any CPU = Release|Any CPU
	EndGlobalSection
	GlobalSection(ProjectConfigurationPlatforms) = postSolution
		{EE89D6A0-E0AF-4782-A586-8A14FEA2326B}.Debug|Any CPU.ActiveCfg = Debug|Any CPU
		{EE89D6A0-E0AF-4782-A586-8A14FEA2326B}.Debug|Any CPU.Build.0 = Debug|Any CPU
		{EE89D6A0-E0AF-4782-A586-8A14FEA2326B}.Release|Any CPU.ActiveCfg = Release|Any CPU
		{EE89D6A0-E0AF-4782-A586-8A14FEA2326B}.Release|Any CPU.Build.0 = Release|Any CPU
	EndGlobalSection
	GlobalSection(SolutionProperties) = preSolution
		HideSolutionNode = FALSE
	EndGlobalSection
	GlobalSection(ExtensibilityGlobals) = postSolution
		SolutionGuid = {BCC51292-FEF5-4521-A85F-5ECD5E34894F}
	EndGlobalSection
EndGlobal
