
Microsoft Visual Studio Solution File, Format Version 12.00
# Visual Studio Version 17
VisualStudioVersion = 17.2.32616.157
MinimumVisualStudioVersion = 10.0.40219.1
Project("{FAE04EC0-301F-11D3-BF4B-00C04F79EFBC}") = "AtividadeFor", "AtividadeFor\AtividadeFor.csproj", "{266C9D2C-1547-4D80-9CFC-5FCFEE88411B}"
EndProject
Global
	GlobalSection(SolutionConfigurationPlatforms) = preSolution
		Debug|Any CPU = Debug|Any CPU
		Release|Any CPU = Release|Any CPU
	EndGlobalSection
	GlobalSection(ProjectConfigurationPlatforms) = postSolution
		{266C9D2C-1547-4D80-9CFC-5FCFEE88411B}.Debug|Any CPU.ActiveCfg = Debug|Any CPU
		{266C9D2C-1547-4D80-9CFC-5FCFEE88411B}.Debug|Any CPU.Build.0 = Debug|Any CPU
		{266C9D2C-1547-4D80-9CFC-5FCFEE88411B}.Release|Any CPU.ActiveCfg = Release|Any CPU
		{266C9D2C-1547-4D80-9CFC-5FCFEE88411B}.Release|Any CPU.Build.0 = Release|Any CPU
	EndGlobalSection
	GlobalSection(SolutionProperties) = preSolution
		HideSolutionNode = FALSE
	EndGlobalSection
	GlobalSection(ExtensibilityGlobals) = postSolution
		SolutionGuid = {319DEC95-648F-46B7-818C-0199EC774472}
	EndGlobalSection
EndGlobal
