
Microsoft Visual Studio Solution File, Format Version 12.00
# Visual Studio Version 17
VisualStudioVersion = 17.2.32616.157
MinimumVisualStudioVersion = 10.0.40219.1
Project("{FAE04EC0-301F-11D3-BF4B-00C04F79EFBC}") = "ChatGPT", "ChatGPT\ChatGPT.csproj", "{D17B8674-DFB0-4D20-9FD6-22BCC7D22E55}"
EndProject
Global
	GlobalSection(SolutionConfigurationPlatforms) = preSolution
		Debug|Any CPU = Debug|Any CPU
		Release|Any CPU = Release|Any CPU
	EndGlobalSection
	GlobalSection(ProjectConfigurationPlatforms) = postSolution
		{D17B8674-DFB0-4D20-9FD6-22BCC7D22E55}.Debug|Any CPU.ActiveCfg = Debug|Any CPU
		{D17B8674-DFB0-4D20-9FD6-22BCC7D22E55}.Debug|Any CPU.Build.0 = Debug|Any CPU
		{D17B8674-DFB0-4D20-9FD6-22BCC7D22E55}.Release|Any CPU.ActiveCfg = Release|Any CPU
		{D17B8674-DFB0-4D20-9FD6-22BCC7D22E55}.Release|Any CPU.Build.0 = Release|Any CPU
	EndGlobalSection
	GlobalSection(SolutionProperties) = preSolution
		HideSolutionNode = FALSE
	EndGlobalSection
	GlobalSection(ExtensibilityGlobals) = postSolution
		SolutionGuid = {8CED3B55-34C8-4FB0-BFC1-4486D4FA9EF5}
	EndGlobalSection
EndGlobal
