
Microsoft Visual Studio Solution File, Format Version 12.00
# Visual Studio Version 17
VisualStudioVersion = 17.2.32616.157
MinimumVisualStudioVersion = 10.0.40219.1
Project("{FAE04EC0-301F-11D3-BF4B-00C04F79EFBC}") = "TabuadaComWhile", "TabuadaComWhile\TabuadaComWhile.csproj", "{C49B9E62-2629-4471-BB18-B013A211829F}"
EndProject
Global
	GlobalSection(SolutionConfigurationPlatforms) = preSolution
		Debug|Any CPU = Debug|Any CPU
		Release|Any CPU = Release|Any CPU
	EndGlobalSection
	GlobalSection(ProjectConfigurationPlatforms) = postSolution
		{C49B9E62-2629-4471-BB18-B013A211829F}.Debug|Any CPU.ActiveCfg = Debug|Any CPU
		{C49B9E62-2629-4471-BB18-B013A211829F}.Debug|Any CPU.Build.0 = Debug|Any CPU
		{C49B9E62-2629-4471-BB18-B013A211829F}.Release|Any CPU.ActiveCfg = Release|Any CPU
		{C49B9E62-2629-4471-BB18-B013A211829F}.Release|Any CPU.Build.0 = Release|Any CPU
	EndGlobalSection
	GlobalSection(SolutionProperties) = preSolution
		HideSolutionNode = FALSE
	EndGlobalSection
	GlobalSection(ExtensibilityGlobals) = postSolution
		SolutionGuid = {E6D14054-BA10-4EBB-8B2A-65C1AFEA793E}
	EndGlobalSection
EndGlobal
